
Microsoft Visual Studio Solution File, Format Version 12.00
# Visual Studio Version 17
VisualStudioVersion = 17.7.34031.279
MinimumVisualStudioVersion = 10.0.40219.1
Project("{9A19103F-16F7-4668-BE54-9A1E7A4F7556}") = "LibLAS", "LibLAS.csproj", "{1E9B4DBA-1CA4-4415-862F-103EC3CC0371}"
EndProject
Project("{9A19103F-16F7-4668-BE54-9A1E7A4F7556}") = "TestLAS_DLL", "..\..\Coding\TestLAS_DLL\TestLAS_DLL.csproj", "{9B5E6EBB-8E16-4963-9DAF-4A97B312929A}"
EndProject
Global
	GlobalSection(SolutionConfigurationPlatforms) = preSolution
		Debug|Any CPU = Debug|Any CPU
		Release|Any CPU = Release|Any CPU
	EndGlobalSection
	GlobalSection(ProjectConfigurationPlatforms) = postSolution
		{1E9B4DBA-1CA4-4415-862F-103EC3CC0371}.Debug|Any CPU.ActiveCfg = Debug|Any CPU
		{1E9B4DBA-1CA4-4415-862F-103EC3CC0371}.Debug|Any CPU.Build.0 = Debug|Any CPU
		{1E9B4DBA-1CA4-4415-862F-103EC3CC0371}.Release|Any CPU.ActiveCfg = Release|Any CPU
		{1E9B4DBA-1CA4-4415-862F-103EC3CC0371}.Release|Any CPU.Build.0 = Release|Any CPU
		{9B5E6EBB-8E16-4963-9DAF-4A97B312929A}.Debug|Any CPU.ActiveCfg = Debug|Any CPU
		{9B5E6EBB-8E16-4963-9DAF-4A97B312929A}.Debug|Any CPU.Build.0 = Debug|Any CPU
		{9B5E6EBB-8E16-4963-9DAF-4A97B312929A}.Release|Any CPU.ActiveCfg = Release|Any CPU
		{9B5E6EBB-8E16-4963-9DAF-4A97B312929A}.Release|Any CPU.Build.0 = Release|Any CPU
	EndGlobalSection
	GlobalSection(SolutionProperties) = preSolution
		HideSolutionNode = FALSE
	EndGlobalSection
	GlobalSection(ExtensibilityGlobals) = postSolution
		SolutionGuid = {8396B94E-5CB3-4007-A561-621D1FA38608}
	EndGlobalSection
EndGlobal
